// !$*UTF8*$!
{
	archiveVersion = 1;
	classes = {
	};
	objectVersion = 50;
	objects = {

/* Begin PBXBuildFile section */
		FA0905B92667CDF800DE3F87 /* History.xcdatamodeld in Sources */ = {isa = PBXBuildFile; fileRef = FA0905B72667CDF800DE3F87 /* History.xcdatamodeld */; };
		FA0905C02667D01400DE3F87 /* History+CoreDataClass.swift in Sources */ = {isa = PBXBuildFile; fileRef = FA0905BE2667D01400DE3F87 /* History+CoreDataClass.swift */; };
		FA0905C12667D01400DE3F87 /* History+CoreDataProperties.swift in Sources */ = {isa = PBXBuildFile; fileRef = FA0905BF2667D01400DE3F87 /* History+CoreDataProperties.swift */; };
		FA1F971F2668FDFC00BBFD91 /* HistoryCell.swift in Sources */ = {isa = PBXBuildFile; fileRef = FA1F971E2668FDFC00BBFD91 /* HistoryCell.swift */; };
		FA23DAC72668E2DE003E0607 /* Placeholder.swift in Sources */ = {isa = PBXBuildFile; fileRef = FA23DAC62668E2DE003E0607 /* Placeholder.swift */; };
		FA6A56A32667F14C0073E284 /* HistoryController.swift in Sources */ = {isa = PBXBuildFile; fileRef = FA6A56A22667F14C0073E284 /* HistoryController.swift */; };
		FA7E0AE12657F045001594D4 /* ViewController.swift in Sources */ = {isa = PBXBuildFile; fileRef = FA7E0AE02657F045001594D4 /* ViewController.swift */; };
		FA7E0AE32657F242001594D4 /* LanguageManager.swift in Sources */ = {isa = PBXBuildFile; fileRef = FA7E0AE22657F242001594D4 /* LanguageManager.swift */; };
		FAB3DD8E26626552009D37FD /* StructResponse.swift in Sources */ = {isa = PBXBuildFile; fileRef = FAB3DD8D26626552009D37FD /* StructResponse.swift */; };
		FACD605C265801FD00C29198 /* ChoiceController.swift in Sources */ = {isa = PBXBuildFile; fileRef = FACD605B265801FD00C29198 /* ChoiceController.swift */; };
		FADC82F62654330E008453F3 /* AppDelegate.swift in Sources */ = {isa = PBXBuildFile; fileRef = FADC82F52654330E008453F3 /* AppDelegate.swift */; };
		FADC82F82654330E008453F3 /* SceneDelegate.swift in Sources */ = {isa = PBXBuildFile; fileRef = FADC82F72654330E008453F3 /* SceneDelegate.swift */; };
		FADC82FD2654330E008453F3 /* Main.storyboard in Resources */ = {isa = PBXBuildFile; fileRef = FADC82FB2654330E008453F3 /* Main.storyboard */; };
		FADC83022654330F008453F3 /* Assets.xcassets in Resources */ = {isa = PBXBuildFile; fileRef = FADC83012654330F008453F3 /* Assets.xcassets */; };
		FADC83052654330F008453F3 /* LaunchScreen.storyboard in Resources */ = {isa = PBXBuildFile; fileRef = FADC83032654330F008453F3 /* LaunchScreen.storyboard */; };
		FAE2F6CC26654D57008E7916 /* TableLanguageCell.swift in Sources */ = {isa = PBXBuildFile; fileRef = FAE2F6CB26654D57008E7916 /* TableLanguageCell.swift */; };
		FAEF405826678BE70086F9B2 /* APIRequests.swift in Sources */ = {isa = PBXBuildFile; fileRef = FAEF405726678BE70086F9B2 /* APIRequests.swift */; };
/* End PBXBuildFile section */

/* Begin PBXFileReference section */
		FA0905B82667CDF800DE3F87 /* History.xcdatamodel */ = {isa = PBXFileReference; lastKnownFileType = wrapper.xcdatamodel; path = History.xcdatamodel; sourceTree = "<group>"; };
		FA0905BE2667D01400DE3F87 /* History+CoreDataClass.swift */ = {isa = PBXFileReference; lastKnownFileType = sourcecode.swift; path = "History+CoreDataClass.swift"; sourceTree = "<group>"; };
		FA0905BF2667D01400DE3F87 /* History+CoreDataProperties.swift */ = {isa = PBXFileReference; lastKnownFileType = sourcecode.swift; path = "History+CoreDataProperties.swift"; sourceTree = "<group>"; };
		FA1F971E2668FDFC00BBFD91 /* HistoryCell.swift */ = {isa = PBXFileReference; lastKnownFileType = sourcecode.swift; path = HistoryCell.swift; sourceTree = "<group>"; };
		FA23DAC62668E2DE003E0607 /* Placeholder.swift */ = {isa = PBXFileReference; lastKnownFileType = sourcecode.swift; name = Placeholder.swift; path = Translator/Model/Placeholder.swift; sourceTree = SOURCE_ROOT; };
		FA6A56A22667F14C0073E284 /* HistoryController.swift */ = {isa = PBXFileReference; lastKnownFileType = sourcecode.swift; path = HistoryController.swift; sourceTree = "<group>"; };
		FA7E0AE02657F045001594D4 /* ViewController.swift */ = {isa = PBXFileReference; lastKnownFileType = sourcecode.swift; path = ViewController.swift; sourceTree = "<group>"; };
		FA7E0AE22657F242001594D4 /* LanguageManager.swift */ = {isa = PBXFileReference; lastKnownFileType = sourcecode.swift; path = LanguageManager.swift; sourceTree = "<group>"; };
		FAB3DD8D26626552009D37FD /* StructResponse.swift */ = {isa = PBXFileReference; lastKnownFileType = sourcecode.swift; path = StructResponse.swift; sourceTree = "<group>"; };
		FACD605B265801FD00C29198 /* ChoiceController.swift */ = {isa = PBXFileReference; lastKnownFileType = sourcecode.swift; path = ChoiceController.swift; sourceTree = "<group>"; };
		FADC82F22654330E008453F3 /* Translator.app */ = {isa = PBXFileReference; explicitFileType = wrapper.application; includeInIndex = 0; path = Translator.app; sourceTree = BUILT_PRODUCTS_DIR; };
		FADC82F52654330E008453F3 /* AppDelegate.swift */ = {isa = PBXFileReference; lastKnownFileType = sourcecode.swift; path = AppDelegate.swift; sourceTree = "<group>"; };
		FADC82F72654330E008453F3 /* SceneDelegate.swift */ = {isa = PBXFileReference; lastKnownFileType = sourcecode.swift; path = SceneDelegate.swift; sourceTree = "<group>"; };
		FADC82FC2654330E008453F3 /* Base */ = {isa = PBXFileReference; lastKnownFileType = file.storyboard; name = Base; path = Base.lproj/Main.storyboard; sourceTree = "<group>"; };
		FADC83012654330F008453F3 /* Assets.xcassets */ = {isa = PBXFileReference; lastKnownFileType = folder.assetcatalog; path = Assets.xcassets; sourceTree = "<group>"; };
		FADC83042654330F008453F3 /* Base */ = {isa = PBXFileReference; lastKnownFileType = file.storyboard; name = Base; path = Base.lproj/LaunchScreen.storyboard; sourceTree = "<group>"; };
		FADC83062654330F008453F3 /* Info.plist */ = {isa = PBXFileReference; lastKnownFileType = text.plist.xml; path = Info.plist; sourceTree = "<group>"; };
		FAE2F6CB26654D57008E7916 /* TableLanguageCell.swift */ = {isa = PBXFileReference; lastKnownFileType = sourcecode.swift; path = TableLanguageCell.swift; sourceTree = "<group>"; };
		FAEF405726678BE70086F9B2 /* APIRequests.swift */ = {isa = PBXFileReference; lastKnownFileType = sourcecode.swift; path = APIRequests.swift; sourceTree = "<group>"; };
/* End PBXFileReference section */

/* Begin PBXFrameworksBuildPhase section */
		FADC82EF2654330E008453F3 /* Frameworks */ = {
			isa = PBXFrameworksBuildPhase;
			buildActionMask = 2147483647;
			files = (
			);
			runOnlyForDeploymentPostprocessing = 0;
		};
/* End PBXFrameworksBuildPhase section */

/* Begin PBXGroup section */
		FA6A569F2667E11E0073E284 /* HistoryItem */ = {
			isa = PBXGroup;
			children = (
				FA0905BE2667D01400DE3F87 /* History+CoreDataClass.swift */,
				FA0905BF2667D01400DE3F87 /* History+CoreDataProperties.swift */,
			);
			path = HistoryItem;
			sourceTree = "<group>";
		};
		FADC82E92654330E008453F3 = {
			isa = PBXGroup;
			children = (
				FADC82F42654330E008453F3 /* Translator */,
				FADC82F32654330E008453F3 /* Products */,
			);
			sourceTree = "<group>";
		};
		FADC82F32654330E008453F3 /* Products */ = {
			isa = PBXGroup;
			children = (
				FADC82F22654330E008453F3 /* Translator.app */,
			);
			name = Products;
			sourceTree = "<group>";
		};
		FADC82F42654330E008453F3 /* Translator */ = {
			isa = PBXGroup;
			children = (
				FAEF405B26678D570086F9B2 /* Model */,
				FAEF405A26678D1F0086F9B2 /* Controller */,
				FAEF405926678D010086F9B2 /* View */,
				FADC82F52654330E008453F3 /* AppDelegate.swift */,
				FADC82F72654330E008453F3 /* SceneDelegate.swift */,
				FADC83012654330F008453F3 /* Assets.xcassets */,
				FADC83062654330F008453F3 /* Info.plist */,
				FA0905B72667CDF800DE3F87 /* History.xcdatamodeld */,
			);
			path = Translator;
			sourceTree = "<group>";
		};
		FAEF405926678D010086F9B2 /* View */ = {
			isa = PBXGroup;
			children = (
				FADC82FB2654330E008453F3 /* Main.storyboard */,
				FADC83032654330F008453F3 /* LaunchScreen.storyboard */,
			);
			path = View;
			sourceTree = "<group>";
		};
		FAEF405A26678D1F0086F9B2 /* Controller */ = {
			isa = PBXGroup;
			children = (
				FACD605B265801FD00C29198 /* ChoiceController.swift */,
				FA6A56A22667F14C0073E284 /* HistoryController.swift */,
				FA7E0AE02657F045001594D4 /* ViewController.swift */,
			);
			path = Controller;
			sourceTree = "<group>";
		};
		FAEF405B26678D570086F9B2 /* Model */ = {
			isa = PBXGroup;
			children = (
				FA6A569F2667E11E0073E284 /* HistoryItem */,
				FA7E0AE22657F242001594D4 /* LanguageManager.swift */,
				FAB3DD8D26626552009D37FD /* StructResponse.swift */,
				FAE2F6CB26654D57008E7916 /* TableLanguageCell.swift */,
				FA1F971E2668FDFC00BBFD91 /* HistoryCell.swift */,
				FAEF405726678BE70086F9B2 /* APIRequests.swift */,
				FA23DAC62668E2DE003E0607 /* Placeholder.swift */,
			);
			path = Model;
			sourceTree = "<group>";
		};
/* End PBXGroup section */

/* Begin PBXNativeTarget section */
		FADC82F12654330E008453F3 /* Translator */ = {
			isa = PBXNativeTarget;
			buildConfigurationList = FADC83092654330F008453F3 /* Build configuration list for PBXNativeTarget "Translator" */;
			buildPhases = (
				FADC82EE2654330E008453F3 /* Sources */,
				FADC82EF2654330E008453F3 /* Frameworks */,
				FADC82F02654330E008453F3 /* Resources */,
			);
			buildRules = (
			);
			dependencies = (
			);
			name = Translator;
			productName = Translator;
			productReference = FADC82F22654330E008453F3 /* Translator.app */;
			productType = "com.apple.product-type.application";
		};
/* End PBXNativeTarget section */

/* Begin PBXProject section */
		FADC82EA2654330E008453F3 /* Project object */ = {
			isa = PBXProject;
			attributes = {
				LastSwiftUpdateCheck = 1130;
				LastUpgradeCheck = 1250;
				ORGANIZATIONNAME = ru.skarry;
				TargetAttributes = {
					FADC82F12654330E008453F3 = {
						CreatedOnToolsVersion = 11.3.1;
					};
				};
			};
			buildConfigurationList = FADC82ED2654330E008453F3 /* Build configuration list for PBXProject "Translator" */;
			compatibilityVersion = "Xcode 9.3";
			developmentRegion = en;
			hasScannedForEncodings = 0;
			knownRegions = (
				en,
				Base,
			);
			mainGroup = FADC82E92654330E008453F3;
			productRefGroup = FADC82F32654330E008453F3 /* Products */;
			projectDirPath = "";
			projectRoot = "";
			targets = (
				FADC82F12654330E008453F3 /* Translator */,
			);
		};
/* End PBXProject section */

/* Begin PBXResourcesBuildPhase section */
		FADC82F02654330E008453F3 /* Resources */ = {
			isa = PBXResourcesBuildPhase;
			buildActionMask = 2147483647;
			files = (
				FADC83052654330F008453F3 /* LaunchScreen.storyboard in Resources */,
				FADC83022654330F008453F3 /* Assets.xcassets in Resources */,
				FADC82FD2654330E008453F3 /* Main.storyboard in Resources */,
			);
			runOnlyForDeploymentPostprocessing = 0;
		};
/* End PBXResourcesBuildPhase section */

/* Begin PBXSourcesBuildPhase section */
		FADC82EE2654330E008453F3 /* Sources */ = {
			isa = PBXSourcesBuildPhase;
			buildActionMask = 2147483647;
			files = (
				FA0905B92667CDF800DE3F87 /* History.xcdatamodeld in Sources */,
				FACD605C265801FD00C29198 /* ChoiceController.swift in Sources */,
				FA0905C02667D01400DE3F87 /* History+CoreDataClass.swift in Sources */,
				FAB3DD8E26626552009D37FD /* StructResponse.swift in Sources */,
				FA6A56A32667F14C0073E284 /* HistoryController.swift in Sources */,
				FADC82F62654330E008453F3 /* AppDelegate.swift in Sources */,
				FAEF405826678BE70086F9B2 /* APIRequests.swift in Sources */,
				FA7E0AE12657F045001594D4 /* ViewController.swift in Sources */,
				FA1F971F2668FDFC00BBFD91 /* HistoryCell.swift in Sources */,
				FA0905C12667D01400DE3F87 /* History+CoreDataProperties.swift in Sources */,
				FADC82F82654330E008453F3 /* SceneDelegate.swift in Sources */,
				FAE2F6CC26654D57008E7916 /* TableLanguageCell.swift in Sources */,
				FA7E0AE32657F242001594D4 /* LanguageManager.swift in Sources */,
				FA23DAC72668E2DE003E0607 /* Placeholder.swift in Sources */,
			);
			runOnlyForDeploymentPostprocessing = 0;
		};
/* End PBXSourcesBuildPhase section */

/* Begin PBXVariantGroup section */
		FADC82FB2654330E008453F3 /* Main.storyboard */ = {
			isa = PBXVariantGroup;
			children = (
				FADC82FC2654330E008453F3 /* Base */,
			);
			name = Main.storyboard;
			sourceTree = "<group>";
		};
		FADC83032654330F008453F3 /* LaunchScreen.storyboard */ = {
			isa = PBXVariantGroup;
			children = (
				FADC83042654330F008453F3 /* Base */,
			);
			name = LaunchScreen.storyboard;
			sourceTree = "<group>";
		};
/* End PBXVariantGroup section */

/* Begin XCBuildConfiguration section */
		FADC83072654330F008453F3 /* Debug */ = {
			isa = XCBuildConfiguration;
			buildSettings = {
				ALWAYS_SEARCH_USER_PATHS = NO;
				CLANG_ANALYZER_NONNULL = YES;
				CLANG_ANALYZER_NUMBER_OBJECT_CONVERSION = YES_AGGRESSIVE;
				CLANG_CXX_LANGUAGE_STANDARD = "gnu++14";
				CLANG_CXX_LIBRARY = "libc++";
				CLANG_ENABLE_MODULES = YES;
				CLANG_ENABLE_OBJC_ARC = YES;
				CLANG_ENABLE_OBJC_WEAK = YES;
				CLANG_WARN_BLOCK_CAPTURE_AUTORELEASING = YES;
				CLANG_WARN_BOOL_CONVERSION = YES;
				CLANG_WARN_COMMA = YES;
				CLANG_WARN_CONSTANT_CONVERSION = YES;
				CLANG_WARN_DEPRECATED_OBJC_IMPLEMENTATIONS = YES;
				CLANG_WARN_DIRECT_OBJC_ISA_USAGE = YES_ERROR;
				CLANG_WARN_DOCUMENTATION_COMMENTS = YES;
				CLANG_WARN_EMPTY_BODY = YES;
				CLANG_WARN_ENUM_CONVERSION = YES;
				CLANG_WARN_INFINITE_RECURSION = YES;
				CLANG_WARN_INT_CONVERSION = YES;
				CLANG_WARN_NON_LITERAL_NULL_CONVERSION = YES;
				CLANG_WARN_OBJC_IMPLICIT_RETAIN_SELF = YES;
				CLANG_WARN_OBJC_LITERAL_CONVERSION = YES;
				CLANG_WARN_OBJC_ROOT_CLASS = YES_ERROR;
				CLANG_WARN_QUOTED_INCLUDE_IN_FRAMEWORK_HEADER = YES;
				CLANG_WARN_RANGE_LOOP_ANALYSIS = YES;
				CLANG_WARN_STRICT_PROTOTYPES = YES;
				CLANG_WARN_SUSPICIOUS_MOVE = YES;
				CLANG_WARN_UNGUARDED_AVAILABILITY = YES_AGGRESSIVE;
				CLANG_WARN_UNREACHABLE_CODE = YES;
				CLANG_WARN__DUPLICATE_METHOD_MATCH = YES;
				COPY_PHASE_STRIP = NO;
				DEBUG_INFORMATION_FORMAT = dwarf;
				ENABLE_STRICT_OBJC_MSGSEND = YES;
				ENABLE_TESTABILITY = YES;
				GCC_C_LANGUAGE_STANDARD = gnu11;
				GCC_DYNAMIC_NO_PIC = NO;
				GCC_NO_COMMON_BLOCKS = YES;
				GCC_OPTIMIZATION_LEVEL = 0;
				GCC_PREPROCESSOR_DEFINITIONS = (
					"DEBUG=1",
					"$(inherited)",
				);
				GCC_WARN_64_TO_32_BIT_CONVERSION = YES;
				GCC_WARN_ABOUT_RETURN_TYPE = YES_ERROR;
				GCC_WARN_UNDECLARED_SELECTOR = YES;
				GCC_WARN_UNINITIALIZED_AUTOS = YES_AGGRESSIVE;
				GCC_WARN_UNUSED_FUNCTION = YES;
				GCC_WARN_UNUSED_VARIABLE = YES;
				IPHONEOS_DEPLOYMENT_TARGET = 13.2;
				MTL_ENABLE_DEBUG_INFO = INCLUDE_SOURCE;
				MTL_FAST_MATH = YES;
				ONLY_ACTIVE_ARCH = YES;
				SDKROOT = iphoneos;
				SWIFT_ACTIVE_COMPILATION_CONDITIONS = DEBUG;
				SWIFT_OPTIMIZATION_LEVEL = "-Onone";
			};
			name = Debug;
		};
		FADC83082654330F008453F3 /* Release */ = {
			isa = XCBuildConfiguration;
			buildSettings = {
				ALWAYS_SEARCH_USER_PATHS = NO;
				CLANG_ANALYZER_NONNULL = YES;
				CLANG_ANALYZER_NUMBER_OBJECT_CONVERSION = YES_AGGRESSIVE;
				CLANG_CXX_LANGUAGE_STANDARD = "gnu++14";
				CLANG_CXX_LIBRARY = "libc++";
				CLANG_ENABLE_MODULES = YES;
				CLANG_ENABLE_OBJC_ARC = YES;
				CLANG_ENABLE_OBJC_WEAK = YES;
				CLANG_WARN_BLOCK_CAPTURE_AUTORELEASING = YES;
				CLANG_WARN_BOOL_CONVERSION = YES;
				CLANG_WARN_COMMA = YES;
				CLANG_WARN_CONSTANT_CONVERSION = YES;
				CLANG_WARN_DEPRECATED_OBJC_IMPLEMENTATIONS = YES;
				CLANG_WARN_DIRECT_OBJC_ISA_USAGE = YES_ERROR;
				CLANG_WARN_DOCUMENTATION_COMMENTS = YES;
				CLANG_WARN_EMPTY_BODY = YES;
				CLANG_WARN_ENUM_CONVERSION = YES;
				CLANG_WARN_INFINITE_RECURSION = YES;
				CLANG_WARN_INT_CONVERSION = YES;
				CLANG_WARN_NON_LITERAL_NULL_CONVERSION = YES;
				CLANG_WARN_OBJC_IMPLICIT_RETAIN_SELF = YES;
				CLANG_WARN_OBJC_LITERAL_CONVERSION = YES;
				CLANG_WARN_OBJC_ROOT_CLASS = YES_ERROR;
				CLANG_WARN_QUOTED_INCLUDE_IN_FRAMEWORK_HEADER = YES;
				CLANG_WARN_RANGE_LOOP_ANALYSIS = YES;
				CLANG_WARN_STRICT_PROTOTYPES = YES;
				CLANG_WARN_SUSPICIOUS_MOVE = YES;
				CLANG_WARN_UNGUARDED_AVAILABILITY = YES_AGGRESSIVE;
				CLANG_WARN_UNREACHABLE_CODE = YES;
				CLANG_WARN__DUPLICATE_METHOD_MATCH = YES;
				COPY_PHASE_STRIP = NO;
				DEBUG_INFORMATION_FORMAT = "dwarf-with-dsym";
				ENABLE_NS_ASSERTIONS = NO;
				ENABLE_STRICT_OBJC_MSGSEND = YES;
				GCC_C_LANGUAGE_STANDARD = gnu11;
				GCC_NO_COMMON_BLOCKS = YES;
				GCC_WARN_64_TO_32_BIT_CONVERSION = YES;
				GCC_WARN_ABOUT_RETURN_TYPE = YES_ERROR;
				GCC_WARN_UNDECLARED_SELECTOR = YES;
				GCC_WARN_UNINITIALIZED_AUTOS = YES_AGGRESSIVE;
				GCC_WARN_UNUSED_FUNCTION = YES;
				GCC_WARN_UNUSED_VARIABLE = YES;
				IPHONEOS_DEPLOYMENT_TARGET = 13.2;
				MTL_ENABLE_DEBUG_INFO = NO;
				MTL_FAST_MATH = YES;
				SDKROOT = iphoneos;
				SWIFT_COMPILATION_MODE = wholemodule;
				SWIFT_OPTIMIZATION_LEVEL = "-O";
				VALIDATE_PRODUCT = YES;
			};
			name = Release;
		};
		FADC830A2654330F008453F3 /* Debug */ = {
			isa = XCBuildConfiguration;
			buildSettings = {
				ASSETCATALOG_COMPILER_APPICON_NAME = AppIcon;
				CODE_SIGN_STYLE = Automatic;
				DEVELOPMENT_TEAM = K7PWTVJYTB;
				INFOPLIST_FILE = Translator/Info.plist;
				LD_RUNPATH_SEARCH_PATHS = (
					"$(inherited)",
					"@executable_path/Frameworks",
				);
				PRODUCT_BUNDLE_IDENTIFIER = saturn.Translator;
				PRODUCT_NAME = "$(TARGET_NAME)";
				SWIFT_VERSION = 5.0;
				TARGETED_DEVICE_FAMILY = "1,2";
			};
			name = Debug;
		};
		FADC830B2654330F008453F3 /* Release */ = {
			isa = XCBuildConfiguration;
			buildSettings = {
				ASSETCATALOG_COMPILER_APPICON_NAME = AppIcon;
				CODE_SIGN_STYLE = Automatic;
				DEVELOPMENT_TEAM = K7PWTVJYTB;
				INFOPLIST_FILE = Translator/Info.plist;
				LD_RUNPATH_SEARCH_PATHS = (
					"$(inherited)",
					"@executable_path/Frameworks",
				);
				PRODUCT_BUNDLE_IDENTIFIER = saturn.Translator;
				PRODUCT_NAME = "$(TARGET_NAME)";
				SWIFT_VERSION = 5.0;
				TARGETED_DEVICE_FAMILY = "1,2";
			};
			name = Release;
		};
/* End XCBuildConfiguration section */

/* Begin XCConfigurationList section */
		FADC82ED2654330E008453F3 /* Build configuration list for PBXProject "Translator" */ = {
			isa = XCConfigurationList;
			buildConfigurations = (
				FADC83072654330F008453F3 /* Debug */,
				FADC83082654330F008453F3 /* Release */,
			);
			defaultConfigurationIsVisible = 0;
			defaultConfigurationName = Release;
		};
		FADC83092654330F008453F3 /* Build configuration list for PBXNativeTarget "Translator" */ = {
			isa = XCConfigurationList;
			buildConfigurations = (
				FADC830A2654330F008453F3 /* Debug */,
				FADC830B2654330F008453F3 /* Release */,
			);
			defaultConfigurationIsVisible = 0;
			defaultConfigurationName = Release;
		};
/* End XCConfigurationList section */

/* Begin XCVersionGroup section */
		FA0905B72667CDF800DE3F87 /* History.xcdatamodeld */ = {
			isa = XCVersionGroup;
			children = (
				FA0905B82667CDF800DE3F87 /* History.xcdatamodel */,
			);
			currentVersion = FA0905B82667CDF800DE3F87 /* History.xcdatamodel */;
			path = History.xcdatamodeld;
			sourceTree = "<group>";
			versionGroupType = wrapper.xcdatamodel;
		};
/* End XCVersionGroup section */
	};
	rootObject = FADC82EA2654330E008453F3 /* Project object */;
}
